
Microsoft Visual Studio Solution File, Format Version 12.00
# Visual Studio 15
VisualStudioVersion = 15.0.28307.421
MinimumVisualStudioVersion = 10.0.40219.1
Project("{FAE04EC0-301F-11D3-BF4B-00C04F79EFBC}") = "WindowsFormsApp2", "WindowsFormsApp2\WindowsFormsApp2.csproj", "{7C29F013-CB5D-40D8-A787-12D873B84DC5}"
EndProject
Global
	GlobalSection(SolutionConfigurationPlatforms) = preSolution
		Debug|Any CPU = Debug|Any CPU
		Release|Any CPU = Release|Any CPU
	EndGlobalSection
	GlobalSection(ProjectConfigurationPlatforms) = postSolution
		{7C29F013-CB5D-40D8-A787-12D873B84DC5}.Debug|Any CPU.ActiveCfg = Debug|Any CPU
		{7C29F013-CB5D-40D8-A787-12D873B84DC5}.Debug|Any CPU.Build.0 = Debug|Any CPU
		{7C29F013-CB5D-40D8-A787-12D873B84DC5}.Release|Any CPU.ActiveCfg = Release|Any CPU
		{7C29F013-CB5D-40D8-A787-12D873B84DC5}.Release|Any CPU.Build.0 = Release|Any CPU
	EndGlobalSection
	GlobalSection(SolutionProperties) = preSolution
		HideSolutionNode = FALSE
	EndGlobalSection
	GlobalSection(ExtensibilityGlobals) = postSolution
		SolutionGuid = {26111808-7230-4A6A-8023-B7192F37B918}
	EndGlobalSection
EndGlobal
